github.com/asg017/sqlite-vec-go-bindings v0.1.6 h1:Nx0jAzyS38XpkKznJ9xQjFXz2X9tI7KqjwVxV8RNoww=
github.com/asg017/sqlite-vec-go-bindings v0.1.6/go.mod h1:A8+cTt/nKFsYCQF6OgzSNpKZrzNo5gQsXBTfsXHXY0Q=
github.com/mattn/go-sqlite3 v1.14.44 h1:3VSe+xafpbzsLbdr2AWlAZk9yRHiBhTBakioXaCKTF8=
github.com/mattn/go-sqlite3 v1.14.44/go.mod h1:pjEuOr8IwzLJP2MfGeTb0A35jauH+C2kbHKBr7yXKVQ=
